
Microsoft Visual Studio Solution File, Format Version 12.00
# Visual Studio Version 16
VisualStudioVersion = 16.0.32901.82
MinimumVisualStudioVersion = 10.0.40219.1
Project("{FAE04EC0-301F-11D3-BF4B-00C04F79EFBC}") = "WindowsFormsApp82", "WindowsFormsApp82\WindowsFormsApp82.csproj", "{CCA02D1A-F8CB-4602-8633-5EA5C52B1BBB}"
EndProject
Global
	GlobalSection(SolutionConfigurationPlatforms) = preSolution
		Debug|Any CPU = Debug|Any CPU
		Release|Any CPU = Release|Any CPU
	EndGlobalSection
	GlobalSection(ProjectConfigurationPlatforms) = postSolution
		{CCA02D1A-F8CB-4602-8633-5EA5C52B1BBB}.Debug|Any CPU.ActiveCfg = Debug|Any CPU
		{CCA02D1A-F8CB-4602-8633-5EA5C52B1BBB}.Debug|Any CPU.Build.0 = Debug|Any CPU
		{CCA02D1A-F8CB-4602-8633-5EA5C52B1BBB}.Release|Any CPU.ActiveCfg = Release|Any CPU
		{CCA02D1A-F8CB-4602-8633-5EA5C52B1BBB}.Release|Any CPU.Build.0 = Release|Any CPU
	EndGlobalSection
	GlobalSection(SolutionProperties) = preSolution
		HideSolutionNode = FALSE
	EndGlobalSection
	GlobalSection(ExtensibilityGlobals) = postSolution
		SolutionGuid = {A52B1FF1-E521-4BBE-89E8-B82F1DF6CBD3}
	EndGlobalSection
EndGlobal
